
Microsoft Visual Studio Solution File, Format Version 12.00
# Visual Studio 14
VisualStudioVersion = 14.0.25420.1
MinimumVisualStudioVersion = 10.0.40219.1
Project("{FAE04EC0-301F-11D3-BF4B-00C04F79EFBC}") = "Nancy.Greet", "Nancy.Greet\Nancy.Greet.csproj", "{7E37024F-34D9-4FD7-83EE-67359FF10547}"
EndProject
Project("{FAE04EC0-301F-11D3-BF4B-00C04F79EFBC}") = "Nancy.Caching", "Nancy.Caching\Nancy.Caching.csproj", "{69029221-6BB3-43E0-8282-254D4F236173}"
EndProject
Project("{FAE04EC0-301F-11D3-BF4B-00C04F79EFBC}") = "Nancy.OwinHost", "Nancy.OwinHost\Nancy.OwinHost.csproj", "{B91E5B25-E0CB-4E6D-B897-B57FF219818C}"
EndProject
Project("{FAE04EC0-301F-11D3-BF4B-00C04F79EFBC}") = "Nancy.IISHost", "Nancy.IISHost\Nancy.IISHost.csproj", "{A6CBFFB7-F176-405B-91D3-E3F367C0E324}"
EndProject
Project("{FAE04EC0-301F-11D3-BF4B-00C04F79EFBC}") = "Nancy.Jwt", "Nancy.Jwt\Nancy.Jwt.csproj", "{7DDE2A24-B09E-4FC1-8A5C-EDC49915EA47}"
EndProject
Project("{FAE04EC0-301F-11D3-BF4B-00C04F79EFBC}") = "AspNet.Jwt", "AspNet.Jwt\AspNet.Jwt.csproj", "{53130C0C-47AF-41EB-B810-63C2B824D272}"
EndProject
Global
	GlobalSection(SolutionConfigurationPlatforms) = preSolution
		Debug|Any CPU = Debug|Any CPU
		Release|Any CPU = Release|Any CPU
	EndGlobalSection
	GlobalSection(ProjectConfigurationPlatforms) = postSolution
		{7E37024F-34D9-4FD7-83EE-67359FF10547}.Debug|Any CPU.ActiveCfg = Debug|Any CPU
		{7E37024F-34D9-4FD7-83EE-67359FF10547}.Debug|Any CPU.Build.0 = Debug|Any CPU
		{7E37024F-34D9-4FD7-83EE-67359FF10547}.Release|Any CPU.ActiveCfg = Release|Any CPU
		{7E37024F-34D9-4FD7-83EE-67359FF10547}.Release|Any CPU.Build.0 = Release|Any CPU
		{69029221-6BB3-43E0-8282-254D4F236173}.Debug|Any CPU.ActiveCfg = Debug|Any CPU
		{69029221-6BB3-43E0-8282-254D4F236173}.Debug|Any CPU.Build.0 = Debug|Any CPU
		{69029221-6BB3-43E0-8282-254D4F236173}.Release|Any CPU.ActiveCfg = Release|Any CPU
		{69029221-6BB3-43E0-8282-254D4F236173}.Release|Any CPU.Build.0 = Release|Any CPU
		{B91E5B25-E0CB-4E6D-B897-B57FF219818C}.Debug|Any CPU.ActiveCfg = Debug|Any CPU
		{B91E5B25-E0CB-4E6D-B897-B57FF219818C}.Debug|Any CPU.Build.0 = Debug|Any CPU
		{B91E5B25-E0CB-4E6D-B897-B57FF219818C}.Release|Any CPU.ActiveCfg = Release|Any CPU
		{B91E5B25-E0CB-4E6D-B897-B57FF219818C}.Release|Any CPU.Build.0 = Release|Any CPU
		{A6CBFFB7-F176-405B-91D3-E3F367C0E324}.Debug|Any CPU.ActiveCfg = Debug|Any CPU
		{A6CBFFB7-F176-405B-91D3-E3F367C0E324}.Debug|Any CPU.Build.0 = Debug|Any CPU
		{A6CBFFB7-F176-405B-91D3-E3F367C0E324}.Release|Any CPU.ActiveCfg = Release|Any CPU
		{A6CBFFB7-F176-405B-91D3-E3F367C0E324}.Release|Any CPU.Build.0 = Release|Any CPU
		{7DDE2A24-B09E-4FC1-8A5C-EDC49915EA47}.Debug|Any CPU.ActiveCfg = Debug|Any CPU
		{7DDE2A24-B09E-4FC1-8A5C-EDC49915EA47}.Debug|Any CPU.Build.0 = Debug|Any CPU
		{7DDE2A24-B09E-4FC1-8A5C-EDC49915EA47}.Release|Any CPU.ActiveCfg = Release|Any CPU
		{7DDE2A24-B09E-4FC1-8A5C-EDC49915EA47}.Release|Any CPU.Build.0 = Release|Any CPU
		{53130C0C-47AF-41EB-B810-63C2B824D272}.Debug|Any CPU.ActiveCfg = Debug|Any CPU
		{53130C0C-47AF-41EB-B810-63C2B824D272}.Debug|Any CPU.Build.0 = Debug|Any CPU
		{53130C0C-47AF-41EB-B810-63C2B824D272}.Release|Any CPU.ActiveCfg = Release|Any CPU
		{53130C0C-47AF-41EB-B810-63C2B824D272}.Release|Any CPU.Build.0 = Release|Any CPU
	EndGlobalSection
	GlobalSection(SolutionProperties) = preSolution
		HideSolutionNode = FALSE
	EndGlobalSection
EndGlobal
